
Microsoft Visual Studio Solution File, Format Version 12.00
# Visual Studio 15
VisualStudioVersion = 15.0.26730.15
MinimumVisualStudioVersion = 10.0.40219.1
Project("{FAE04EC0-301F-11D3-BF4B-00C04F79EFBC}") = "Arbor.NuGetServer.IisHost", "Arbor.NuGetServer.IisHost\Arbor.NuGetServer.IisHost.csproj", "{B6D84E18-51C9-4D21-BFA3-FAA8F2972F1A}"
EndProject
Project("{2150E333-8FDC-42A3-9474-1A3956D46DE8}") = "Solution Items", "Solution Items", "{F39AD2AB-9881-4559-902D-72753767263F}"
	ProjectSection(SolutionItems) = preProject
		..\.editorconfig = ..\.editorconfig
		..\.gitattributes = ..\.gitattributes
		..\.gitignore = ..\.gitignore
		..\build\build.bat = ..\build\build.bat
		Directory.Build.props = Directory.Build.props
		..\tools\IISAclUrl.bat = ..\tools\IISAclUrl.bat
		..\LICENSE.txt = ..\LICENSE.txt
		..\README.md = ..\README.md
		..\version.json = ..\version.json
	EndProjectSection
EndProject
Project("{9A19103F-16F7-4668-BE54-9A1E7A4F7556}") = "Arbor.NuGetServer.Tests.Integration", "Arbor.NuGetServer.Tests.Integration\Arbor.NuGetServer.Tests.Integration.csproj", "{0824D7F7-C0B8-47BF-B575-5C6379894460}"
EndProject
Project("{9A19103F-16F7-4668-BE54-9A1E7A4F7556}") = "Arbor.NuGetServer.Marten", "Arbor.NuGetServer.Marten\Arbor.NuGetServer.Marten.csproj", "{42D08653-29EC-4613-945B-FFB699274D24}"
EndProject
Project("{9A19103F-16F7-4668-BE54-9A1E7A4F7556}") = "Arbor.NuGetServer.Api", "Arbor.NuGetServer.Api\Arbor.NuGetServer.Api.csproj", "{783C1130-2220-4EB1-A31A-138B3856F6B1}"
EndProject
Project("{9A19103F-16F7-4668-BE54-9A1E7A4F7556}") = "Arbor.NuGetServer.Tools", "Arbor.NuGetServer.Tools\Arbor.NuGetServer.Tools.csproj", "{35A2C826-844C-450B-939A-02CA5DDD0A31}"
EndProject
Global
	GlobalSection(SolutionConfigurationPlatforms) = preSolution
		Debug|Any CPU = Debug|Any CPU
		Release|Any CPU = Release|Any CPU
	EndGlobalSection
	GlobalSection(ProjectConfigurationPlatforms) = postSolution
		{B6D84E18-51C9-4D21-BFA3-FAA8F2972F1A}.Debug|Any CPU.ActiveCfg = Debug|Any CPU
		{B6D84E18-51C9-4D21-BFA3-FAA8F2972F1A}.Debug|Any CPU.Build.0 = Debug|Any CPU
		{B6D84E18-51C9-4D21-BFA3-FAA8F2972F1A}.Release|Any CPU.ActiveCfg = Release|Any CPU
		{B6D84E18-51C9-4D21-BFA3-FAA8F2972F1A}.Release|Any CPU.Build.0 = Release|Any CPU
		{0824D7F7-C0B8-47BF-B575-5C6379894460}.Debug|Any CPU.ActiveCfg = Debug|Any CPU
		{0824D7F7-C0B8-47BF-B575-5C6379894460}.Debug|Any CPU.Build.0 = Debug|Any CPU
		{0824D7F7-C0B8-47BF-B575-5C6379894460}.Release|Any CPU.ActiveCfg = Release|Any CPU
		{0824D7F7-C0B8-47BF-B575-5C6379894460}.Release|Any CPU.Build.0 = Release|Any CPU
		{42D08653-29EC-4613-945B-FFB699274D24}.Debug|Any CPU.ActiveCfg = Debug|Any CPU
		{42D08653-29EC-4613-945B-FFB699274D24}.Debug|Any CPU.Build.0 = Debug|Any CPU
		{42D08653-29EC-4613-945B-FFB699274D24}.Release|Any CPU.ActiveCfg = Release|Any CPU
		{42D08653-29EC-4613-945B-FFB699274D24}.Release|Any CPU.Build.0 = Release|Any CPU
		{783C1130-2220-4EB1-A31A-138B3856F6B1}.Debug|Any CPU.ActiveCfg = Debug|Any CPU
		{783C1130-2220-4EB1-A31A-138B3856F6B1}.Debug|Any CPU.Build.0 = Debug|Any CPU
		{783C1130-2220-4EB1-A31A-138B3856F6B1}.Release|Any CPU.ActiveCfg = Release|Any CPU
		{783C1130-2220-4EB1-A31A-138B3856F6B1}.Release|Any CPU.Build.0 = Release|Any CPU
		{35A2C826-844C-450B-939A-02CA5DDD0A31}.Debug|Any CPU.ActiveCfg = Debug|Any CPU
		{35A2C826-844C-450B-939A-02CA5DDD0A31}.Debug|Any CPU.Build.0 = Debug|Any CPU
		{35A2C826-844C-450B-939A-02CA5DDD0A31}.Release|Any CPU.ActiveCfg = Release|Any CPU
		{35A2C826-844C-450B-939A-02CA5DDD0A31}.Release|Any CPU.Build.0 = Release|Any CPU
	EndGlobalSection
	GlobalSection(SolutionProperties) = preSolution
		HideSolutionNode = FALSE
	EndGlobalSection
	GlobalSection(ExtensibilityGlobals) = postSolution
		SolutionGuid = {59BA9EA8-ED99-464C-AEEF-1BA2DD0F873F}
	EndGlobalSection
EndGlobal
